
Microsoft Visual Studio Solution File, Format Version 11.00
# Visual Studio 2010
Project("{FAE04EC0-301F-11D3-BF4B-00C04F79EFBC}") = "Turok-Bloodlands", "Assembly-CSharp.csproj", "{B23340B1-3620-137F-D303-57ABBDA9F1E0}"
EndProject
Project("{FAE04EC0-301F-11D3-BF4B-00C04F79EFBC}") = "Turok-Bloodlands", "Assembly-CSharp-Editor.csproj", "{B7233F37-94D5-1604-2D59-9615F993322F}"
EndProject
Global
	GlobalSection(SolutionConfigurationPlatforms) = preSolution
		Debug|Any CPU = Debug|Any CPU
		Release|Any CPU = Release|Any CPU
	EndGlobalSection
	GlobalSection(ProjectConfigurationPlatforms) = postSolution
		{B23340B1-3620-137F-D303-57ABBDA9F1E0}.Debug|Any CPU.ActiveCfg = Debug|Any CPU
		{B23340B1-3620-137F-D303-57ABBDA9F1E0}.Debug|Any CPU.Build.0 = Debug|Any CPU
		{B23340B1-3620-137F-D303-57ABBDA9F1E0}.Release|Any CPU.ActiveCfg = Release|Any CPU
		{B23340B1-3620-137F-D303-57ABBDA9F1E0}.Release|Any CPU.Build.0 = Release|Any CPU
		{B7233F37-94D5-1604-2D59-9615F993322F}.Debug|Any CPU.ActiveCfg = Debug|Any CPU
		{B7233F37-94D5-1604-2D59-9615F993322F}.Debug|Any CPU.Build.0 = Debug|Any CPU
		{B7233F37-94D5-1604-2D59-9615F993322F}.Release|Any CPU.ActiveCfg = Release|Any CPU
		{B7233F37-94D5-1604-2D59-9615F993322F}.Release|Any CPU.Build.0 = Release|Any CPU
	EndGlobalSection
	GlobalSection(SolutionProperties) = preSolution
		HideSolutionNode = FALSE
	EndGlobalSection
	GlobalSection(MonoDevelopProperties) = preSolution
		StartupItem = Assembly-CSharp.csproj
	EndGlobalSection
EndGlobal
